
Microsoft Visual Studio Solution File, Format Version 12.00
# Visual Studio Version 17
VisualStudioVersion = 17.10.34916.146
MinimumVisualStudioVersion = 10.0.40219.1
Project("{9A19103F-16F7-4668-BE54-9A1E7A4F7556}") = "MasterPolSystem", "MasterPolSystem\MasterPolSystem.csproj", "{B9B671CE-E88E-4B24-9011-1A846EC0E61D}"
EndProject
Project("{FAE04EC0-301F-11D3-BF4B-00C04F79EFBC}") = "LibAmountOfMaterial", "LibAmountOfMaterial\LibAmountOfMaterial.csproj", "{CDB49FAC-320B-4D00-B99F-0986C9BD83DE}"
EndProject
Project("{FAE04EC0-301F-11D3-BF4B-00C04F79EFBC}") = "TestProjectLibAmountOfMaterial", "TestProjectLib\TestProjectLibAmountOfMaterial.csproj", "{712542C2-7584-4649-A456-8543713B5604}"
EndProject
Global
	GlobalSection(SolutionConfigurationPlatforms) = preSolution
		Debug|Any CPU = Debug|Any CPU
		Release|Any CPU = Release|Any CPU
	EndGlobalSection
	GlobalSection(ProjectConfigurationPlatforms) = postSolution
		{B9B671CE-E88E-4B24-9011-1A846EC0E61D}.Debug|Any CPU.ActiveCfg = Debug|Any CPU
		{B9B671CE-E88E-4B24-9011-1A846EC0E61D}.Debug|Any CPU.Build.0 = Debug|Any CPU
		{B9B671CE-E88E-4B24-9011-1A846EC0E61D}.Release|Any CPU.ActiveCfg = Release|Any CPU
		{B9B671CE-E88E-4B24-9011-1A846EC0E61D}.Release|Any CPU.Build.0 = Release|Any CPU
		{CDB49FAC-320B-4D00-B99F-0986C9BD83DE}.Debug|Any CPU.ActiveCfg = Debug|Any CPU
		{CDB49FAC-320B-4D00-B99F-0986C9BD83DE}.Debug|Any CPU.Build.0 = Debug|Any CPU
		{CDB49FAC-320B-4D00-B99F-0986C9BD83DE}.Release|Any CPU.ActiveCfg = Release|Any CPU
		{CDB49FAC-320B-4D00-B99F-0986C9BD83DE}.Release|Any CPU.Build.0 = Release|Any CPU
		{712542C2-7584-4649-A456-8543713B5604}.Debug|Any CPU.ActiveCfg = Debug|Any CPU
		{712542C2-7584-4649-A456-8543713B5604}.Debug|Any CPU.Build.0 = Debug|Any CPU
		{712542C2-7584-4649-A456-8543713B5604}.Release|Any CPU.ActiveCfg = Release|Any CPU
		{712542C2-7584-4649-A456-8543713B5604}.Release|Any CPU.Build.0 = Release|Any CPU
	EndGlobalSection
	GlobalSection(SolutionProperties) = preSolution
		HideSolutionNode = FALSE
	EndGlobalSection
	GlobalSection(ExtensibilityGlobals) = postSolution
		SolutionGuid = {4DD47D61-CFB1-4435-8D6D-76DC38AE3471}
	EndGlobalSection
EndGlobal
